
Microsoft Visual Studio Solution File, Format Version 12.00
# Visual Studio Version 16
VisualStudioVersion = 16.0.32228.343
MinimumVisualStudioVersion = 10.0.40219.1
Project("{FAE04EC0-301F-11D3-BF4B-00C04F79EFBC}") = "Project3", "Project3\Project3.csproj", "{87E600C9-0197-4C0F-8A5F-08ABE4B28206}"
EndProject
Global
	GlobalSection(SolutionConfigurationPlatforms) = preSolution
		Debug|Any CPU = Debug|Any CPU
		Release|Any CPU = Release|Any CPU
	EndGlobalSection
	GlobalSection(ProjectConfigurationPlatforms) = postSolution
		{87E600C9-0197-4C0F-8A5F-08ABE4B28206}.Debug|Any CPU.ActiveCfg = Debug|Any CPU
		{87E600C9-0197-4C0F-8A5F-08ABE4B28206}.Debug|Any CPU.Build.0 = Debug|Any CPU
		{87E600C9-0197-4C0F-8A5F-08ABE4B28206}.Release|Any CPU.ActiveCfg = Release|Any CPU
		{87E600C9-0197-4C0F-8A5F-08ABE4B28206}.Release|Any CPU.Build.0 = Release|Any CPU
	EndGlobalSection
	GlobalSection(SolutionProperties) = preSolution
		HideSolutionNode = FALSE
	EndGlobalSection
	GlobalSection(ExtensibilityGlobals) = postSolution
		SolutionGuid = {20B9394D-1C86-4F5C-97B2-0410D557F459}
	EndGlobalSection
EndGlobal
